
Microsoft Visual Studio Solution File, Format Version 12.00
# Visual Studio Version 17
VisualStudioVersion = 17.9.34701.34
MinimumVisualStudioVersion = 10.0.40219.1
Project("{9A19103F-16F7-4668-BE54-9A1E7A4F7556}") = "PaintingSellingBot", "PaintingSellingBot\PaintingSellingBot.csproj", "{35AEBEA6-C2C7-4EF8-B00B-DDF793487B9B}"
EndProject
Global
	GlobalSection(SolutionConfigurationPlatforms) = preSolution
		Debug|Any CPU = Debug|Any CPU
		Release|Any CPU = Release|Any CPU
	EndGlobalSection
	GlobalSection(ProjectConfigurationPlatforms) = postSolution
		{35AEBEA6-C2C7-4EF8-B00B-DDF793487B9B}.Debug|Any CPU.ActiveCfg = Debug|Any CPU
		{35AEBEA6-C2C7-4EF8-B00B-DDF793487B9B}.Debug|Any CPU.Build.0 = Debug|Any CPU
		{35AEBEA6-C2C7-4EF8-B00B-DDF793487B9B}.Release|Any CPU.ActiveCfg = Release|Any CPU
		{35AEBEA6-C2C7-4EF8-B00B-DDF793487B9B}.Release|Any CPU.Build.0 = Release|Any CPU
	EndGlobalSection
	GlobalSection(SolutionProperties) = preSolution
		HideSolutionNode = FALSE
	EndGlobalSection
	GlobalSection(ExtensibilityGlobals) = postSolution
		SolutionGuid = {78E109DF-F0DC-4C35-960F-6A80EBE50401}
	EndGlobalSection
EndGlobal
